// !$*UTF8*$!
{
	archiveVersion = 1;
	classes = {
	};
	objectVersion = 46;
	objects = {

/* Begin PBXBuildFile section */
		18AB0F071560B44B007573F8 /* UIKit.framework in Frameworks */ = {isa = PBXBuildFile; fileRef = 18AB0F061560B44B007573F8 /* UIKit.framework */; };
		18AB0F091560B44B007573F8 /* Foundation.framework in Frameworks */ = {isa = PBXBuildFile; fileRef = 18AB0F081560B44B007573F8 /* Foundation.framework */; };
		18AB0F0B1560B44B007573F8 /* CoreGraphics.framework in Frameworks */ = {isa = PBXBuildFile; fileRef = 18AB0F0A1560B44B007573F8 /* CoreGraphics.framework */; };
		18AB0F111560B44B007573F8 /* InfoPlist.strings in Resources */ = {isa = PBXBuildFile; fileRef = 18AB0F0F1560B44B007573F8 /* InfoPlist.strings */; };
		18AB0F131560B44B007573F8 /* main.m in Sources */ = {isa = PBXBuildFile; fileRef = 18AB0F121560B44B007573F8 /* main.m */; };
		18AB0F171560B44B007573F8 /* CalculatorAppDelegate.m in Sources */ = {isa = PBXBuildFile; fileRef = 18AB0F161560B44B007573F8 /* CalculatorAppDelegate.m */; };
		18AB0F1A1560B44B007573F8 /* MainStoryboard.storyboard in Resources */ = {isa = PBXBuildFile; fileRef = 18AB0F181560B44B007573F8 /* MainStoryboard.storyboard */; };
		18AB0F1D1560B44B007573F8 /* CalculatorViewController.m in Sources */ = {isa = PBXBuildFile; fileRef = 18AB0F1C1560B44B007573F8 /* CalculatorViewController.m */; };
		18DD9B7D1562118E00407B2F /* CalculatorBrain.m in Sources */ = {isa = PBXBuildFile; fileRef = 18DD9B7C1562118E00407B2F /* CalculatorBrain.m */; };
/* End PBXBuildFile section */

/* Begin PBXFileReference section */
		18AB0F021560B44B007573F8 /* Calculator.app */ = {isa = PBXFileReference; explicitFileType = wrapper.application; includeInIndex = 0; path = Calculator.app; sourceTree = BUILT_PRODUCTS_DIR; };
		18AB0F061560B44B007573F8 /* UIKit.framework */ = {isa = PBXFileReference; lastKnownFileType = wrapper.framework; name = UIKit.framework; path = System/Library/Frameworks/UIKit.framework; sourceTree = SDKROOT; };
		18AB0F081560B44B007573F8 /* Foundation.framework */ = {isa = PBXFileReference; lastKnownFileType = wrapper.framework; name = Foundation.framework; path = System/Library/Frameworks/Foundation.framework; sourceTree = SDKROOT; };
		18AB0F0A1560B44B007573F8 /* CoreGraphics.framework */ = {isa = PBXFileReference; lastKnownFileType = wrapper.framework; name = CoreGraphics.framework; path = System/Library/Frameworks/CoreGraphics.framework; sourceTree = SDKROOT; };
		18AB0F0E1560B44B007573F8 /* Calculator-Info.plist */ = {isa = PBXFileReference; lastKnownFileType = text.plist.xml; path = "Calculator-Info.plist"; sourceTree = "<group>"; };
		18AB0F101560B44B007573F8 /* en */ = {isa = PBXFileReference; lastKnownFileType = text.plist.strings; name = en; path = en.lproj/InfoPlist.strings; sourceTree = "<group>"; };
		18AB0F121560B44B007573F8 /* main.m */ = {isa = PBXFileReference; lastKnownFileType = sourcecode.c.objc; path = main.m; sourceTree = "<group>"; };
		18AB0F141560B44B007573F8 /* Calculator-Prefix.pch */ = {isa = PBXFileReference; lastKnownFileType = sourcecode.c.h; path = "Calculator-Prefix.pch"; sourceTree = "<group>"; };
		18AB0F151560B44B007573F8 /* CalculatorAppDelegate.h */ = {isa = PBXFileReference; lastKnownFileType = sourcecode.c.h; path = CalculatorAppDelegate.h; sourceTree = "<group>"; };
		18AB0F161560B44B007573F8 /* CalculatorAppDelegate.m */ = {isa = PBXFileReference; lastKnownFileType = sourcecode.c.objc; path = CalculatorAppDelegate.m; sourceTree = "<group>"; };
		18AB0F191560B44B007573F8 /* en */ = {isa = PBXFileReference; lastKnownFileType = file.storyboard; name = en; path = en.lproj/MainStoryboard.storyboard; sourceTree = "<group>"; };
		18AB0F1B1560B44B007573F8 /* CalculatorViewController.h */ = {isa = PBXFileReference; lastKnownFileType = sourcecode.c.h; path = CalculatorViewController.h; sourceTree = "<group>"; };
		18AB0F1C1560B44B007573F8 /* CalculatorViewController.m */ = {isa = PBXFileReference; lastKnownFileType = sourcecode.c.objc; path = CalculatorViewController.m; sourceTree = "<group>"; };
		18DD9B7B1562118D00407B2F /* CalculatorBrain.h */ = {isa = PBXFileReference; fileEncoding = 4; lastKnownFileType = sourcecode.c.h; path = CalculatorBrain.h; sourceTree = "<group>"; };
		18DD9B7C1562118E00407B2F /* CalculatorBrain.m */ = {isa = PBXFileReference; fileEncoding = 4; lastKnownFileType = sourcecode.c.objc; path = CalculatorBrain.m; sourceTree = "<group>"; };
/* End PBXFileReference section */

/* Begin PBXFrameworksBuildPhase section */
		18AB0EFF1560B44B007573F8 /* Frameworks */ = {
			isa = PBXFrameworksBuildPhase;
			buildActionMask = 2147483647;
			files = (
				18AB0F071560B44B007573F8 /* UIKit.framework in Frameworks */,
				18AB0F091560B44B007573F8 /* Foundation.framework in Frameworks */,
				18AB0F0B1560B44B007573F8 /* CoreGraphics.framework in Frameworks */,
			);
			runOnlyForDeploymentPostprocessing = 0;
		};
/* End PBXFrameworksBuildPhase section */

/* Begin PBXGroup section */
		18AB0EF71560B44B007573F8 = {
			isa = PBXGroup;
			children = (
				18AB0F0C1560B44B007573F8 /* Calculator */,
				18AB0F051560B44B007573F8 /* Frameworks */,
				18AB0F031560B44B007573F8 /* Products */,
			);
			sourceTree = "<group>";
		};
		18AB0F031560B44B007573F8 /* Products */ = {
			isa = PBXGroup;
			children = (
				18AB0F021560B44B007573F8 /* Calculator.app */,
			);
			name = Products;
			sourceTree = "<group>";
		};
		18AB0F051560B44B007573F8 /* Frameworks */ = {
			isa = PBXGroup;
			children = (
				18AB0F061560B44B007573F8 /* UIKit.framework */,
				18AB0F081560B44B007573F8 /* Foundation.framework */,
				18AB0F0A1560B44B007573F8 /* CoreGraphics.framework */,
			);
			name = Frameworks;
			sourceTree = "<group>";
		};
		18AB0F0C1560B44B007573F8 /* Calculator */ = {
			isa = PBXGroup;
			children = (
				18AB0F151560B44B007573F8 /* CalculatorAppDelegate.h */,
				18AB0F161560B44B007573F8 /* CalculatorAppDelegate.m */,
				18AB0F181560B44B007573F8 /* MainStoryboard.storyboard */,
				18DD9B7B1562118D00407B2F /* CalculatorBrain.h */,
				18DD9B7C1562118E00407B2F /* CalculatorBrain.m */,
				18AB0F1B1560B44B007573F8 /* CalculatorViewController.h */,
				18AB0F1C1560B44B007573F8 /* CalculatorViewController.m */,
				18AB0F0D1560B44B007573F8 /* Supporting Files */,
			);
			path = Calculator;
			sourceTree = "<group>";
		};
		18AB0F0D1560B44B007573F8 /* Supporting Files */ = {
			isa = PBXGroup;
			children = (
				18AB0F0E1560B44B007573F8 /* Calculator-Info.plist */,
				18AB0F0F1560B44B007573F8 /* InfoPlist.strings */,
				18AB0F121560B44B007573F8 /* main.m */,
				18AB0F141560B44B007573F8 /* Calculator-Prefix.pch */,
			);
			name = "Supporting Files";
			sourceTree = "<group>";
		};
/* End PBXGroup section */

/* Begin PBXNativeTarget section */
		18AB0F011560B44B007573F8 /* Calculator */ = {
			isa = PBXNativeTarget;
			buildConfigurationList = 18AB0F201560B44B007573F8 /* Build configuration list for PBXNativeTarget "Calculator" */;
			buildPhases = (
				18AB0EFE1560B44B007573F8 /* Sources */,
				18AB0EFF1560B44B007573F8 /* Frameworks */,
				18AB0F001560B44B007573F8 /* Resources */,
			);
			buildRules = (
			);
			dependencies = (
			);
			name = Calculator;
			productName = Calculator;
			productReference = 18AB0F021560B44B007573F8 /* Calculator.app */;
			productType = "com.apple.product-type.application";
		};
/* End PBXNativeTarget section */

/* Begin PBXProject section */
		18AB0EF91560B44B007573F8 /* Project object */ = {
			isa = PBXProject;
			attributes = {
				LastUpgradeCheck = 0430;
			};
			buildConfigurationList = 18AB0EFC1560B44B007573F8 /* Build configuration list for PBXProject "Calculator" */;
			compatibilityVersion = "Xcode 3.2";
			developmentRegion = English;
			hasScannedForEncodings = 0;
			knownRegions = (
				en,
			);
			mainGroup = 18AB0EF71560B44B007573F8;
			productRefGroup = 18AB0F031560B44B007573F8 /* Products */;
			projectDirPath = "";
			projectRoot = "";
			targets = (
				18AB0F011560B44B007573F8 /* Calculator */,
			);
		};
/* End PBXProject section */

/* Begin PBXResourcesBuildPhase section */
		18AB0F001560B44B007573F8 /* Resources */ = {
			isa = PBXResourcesBuildPhase;
			buildActionMask = 2147483647;
			files = (
				18AB0F111560B44B007573F8 /* InfoPlist.strings in Resources */,
				18AB0F1A1560B44B007573F8 /* MainStoryboard.storyboard in Resources */,
			);
			runOnlyForDeploymentPostprocessing = 0;
		};
/* End PBXResourcesBuildPhase section */

/* Begin PBXSourcesBuildPhase section */
		18AB0EFE1560B44B007573F8 /* Sources */ = {
			isa = PBXSourcesBuildPhase;
			buildActionMask = 2147483647;
			files = (
				18AB0F131560B44B007573F8 /* main.m in Sources */,
				18AB0F171560B44B007573F8 /* CalculatorAppDelegate.m in Sources */,
				18AB0F1D1560B44B007573F8 /* CalculatorViewController.m in Sources */,
				18DD9B7D1562118E00407B2F /* CalculatorBrain.m in Sources */,
			);
			runOnlyForDeploymentPostprocessing = 0;
		};
/* End PBXSourcesBuildPhase section */

/* Begin PBXVariantGroup section */
		18AB0F0F1560B44B007573F8 /* InfoPlist.strings */ = {
			isa = PBXVariantGroup;
			children = (
				18AB0F101560B44B007573F8 /* en */,
			);
			name = InfoPlist.strings;
			sourceTree = "<group>";
		};
		18AB0F181560B44B007573F8 /* MainStoryboard.storyboard */ = {
			isa = PBXVariantGroup;
			children = (
				18AB0F191560B44B007573F8 /* en */,
			);
			name = MainStoryboard.storyboard;
			sourceTree = "<group>";
		};
/* End PBXVariantGroup section */

/* Begin XCBuildConfiguration section */
		18AB0F1E1560B44B007573F8 /* Debug */ = {
			isa = XCBuildConfiguration;
			buildSettings = {
				ALWAYS_SEARCH_USER_PATHS = NO;
				ARCHS = "$(ARCHS_STANDARD_32_BIT)";
				CLANG_ENABLE_OBJC_ARC = YES;
				"CODE_SIGN_IDENTITY[sdk=iphoneos*]" = "iPhone Developer";
				COPY_PHASE_STRIP = NO;
				GCC_C_LANGUAGE_STANDARD = gnu99;
				GCC_DYNAMIC_NO_PIC = NO;
				GCC_OPTIMIZATION_LEVEL = 0;
				GCC_PREPROCESSOR_DEFINITIONS = (
					"DEBUG=1",
					"$(inherited)",
				);
				GCC_SYMBOLS_PRIVATE_EXTERN = NO;
				GCC_VERSION = com.apple.compilers.llvm.clang.1_0;
				GCC_WARN_ABOUT_MISSING_PROTOTYPES = YES;
				GCC_WARN_ABOUT_RETURN_TYPE = YES;
				GCC_WARN_UNUSED_VARIABLE = YES;
				IPHONEOS_DEPLOYMENT_TARGET = 5.0;
				SDKROOT = iphoneos;
			};
			name = Debug;
		};
		18AB0F1F1560B44B007573F8 /* Release */ = {
			isa = XCBuildConfiguration;
			buildSettings = {
				ALWAYS_SEARCH_USER_PATHS = NO;
				ARCHS = "$(ARCHS_STANDARD_32_BIT)";
				CLANG_ENABLE_OBJC_ARC = YES;
				"CODE_SIGN_IDENTITY[sdk=iphoneos*]" = "iPhone Developer";
				COPY_PHASE_STRIP = YES;
				GCC_C_LANGUAGE_STANDARD = gnu99;
				GCC_VERSION = com.apple.compilers.llvm.clang.1_0;
				GCC_WARN_ABOUT_MISSING_PROTOTYPES = YES;
				GCC_WARN_ABOUT_RETURN_TYPE = YES;
				GCC_WARN_UNUSED_VARIABLE = YES;
				IPHONEOS_DEPLOYMENT_TARGET = 5.0;
				OTHER_CFLAGS = "-DNS_BLOCK_ASSERTIONS=1";
				SDKROOT = iphoneos;
				VALIDATE_PRODUCT = YES;
			};
			name = Release;
		};
		18AB0F211560B44B007573F8 /* Debug */ = {
			isa = XCBuildConfiguration;
			buildSettings = {
				GCC_PRECOMPILE_PREFIX_HEADER = YES;
				GCC_PREFIX_HEADER = "Calculator/Calculator-Prefix.pch";
				INFOPLIST_FILE = "Calculator/Calculator-Info.plist";
				PRODUCT_NAME = "$(TARGET_NAME)";
				WRAPPER_EXTENSION = app;
			};
			name = Debug;
		};
		18AB0F221560B44B007573F8 /* Release */ = {
			isa = XCBuildConfiguration;
			buildSettings = {
				GCC_PRECOMPILE_PREFIX_HEADER = YES;
				GCC_PREFIX_HEADER = "Calculator/Calculator-Prefix.pch";
				INFOPLIST_FILE = "Calculator/Calculator-Info.plist";
				PRODUCT_NAME = "$(TARGET_NAME)";
				WRAPPER_EXTENSION = app;
			};
			name = Release;
		};
/* End XCBuildConfiguration section */

/* Begin XCConfigurationList section */
		18AB0EFC1560B44B007573F8 /* Build configuration list for PBXProject "Calculator" */ = {
			isa = XCConfigurationList;
			buildConfigurations = (
				18AB0F1E1560B44B007573F8 /* Debug */,
				18AB0F1F1560B44B007573F8 /* Release */,
			);
			defaultConfigurationIsVisible = 0;
			defaultConfigurationName = Release;
		};
		18AB0F201560B44B007573F8 /* Build configuration list for PBXNativeTarget "Calculator" */ = {
			isa = XCConfigurationList;
			buildConfigurations = (
				18AB0F211560B44B007573F8 /* Debug */,
				18AB0F221560B44B007573F8 /* Release */,
			);
			defaultConfigurationIsVisible = 0;
			defaultConfigurationName = Release;
		};
/* End XCConfigurationList section */
	};
	rootObject = 18AB0EF91560B44B007573F8 /* Project object */;
}
